
Microsoft Visual Studio Solution File, Format Version 12.00
# Visual Studio Version 16
VisualStudioVersion = 16.0.29025.244
MinimumVisualStudioVersion = 10.0.40219.1
Project("{FAE04EC0-301F-11D3-BF4B-00C04F79EFBC}") = "SignalRMvcChat", "SignalRMvcChat.csproj", "{8802589A-6D4D-45AC-82D1-AF99336E3978}"
EndProject
Global
	GlobalSection(SolutionConfigurationPlatforms) = preSolution
		Debug|Any CPU = Debug|Any CPU
		Release|Any CPU = Release|Any CPU
	EndGlobalSection
	GlobalSection(ProjectConfigurationPlatforms) = postSolution
		{8802589A-6D4D-45AC-82D1-AF99336E3978}.Debug|Any CPU.ActiveCfg = Debug|Any CPU
		{8802589A-6D4D-45AC-82D1-AF99336E3978}.Debug|Any CPU.Build.0 = Debug|Any CPU
		{8802589A-6D4D-45AC-82D1-AF99336E3978}.Release|Any CPU.ActiveCfg = Release|Any CPU
		{8802589A-6D4D-45AC-82D1-AF99336E3978}.Release|Any CPU.Build.0 = Release|Any CPU
	EndGlobalSection
	GlobalSection(SolutionProperties) = preSolution
		HideSolutionNode = FALSE
	EndGlobalSection
	GlobalSection(ExtensibilityGlobals) = postSolution
		SolutionGuid = {C6DFB594-B0C8-42EA-A9AB-A1540324D65B}
	EndGlobalSection
EndGlobal
